
Microsoft Visual Studio Solution File, Format Version 12.00
# Visual Studio 2013
VisualStudioVersion = 12.0.21005.1
MinimumVisualStudioVersion = 10.0.40219.1
Project("{FAE04EC0-301F-11D3-BF4B-00C04F79EFBC}") = "21CardTrick", "21CardTrick\21CardTrick.csproj", "{8BB69503-90F1-4784-A68D-38F93C8A9357}"
EndProject
Global
	GlobalSection(SolutionConfigurationPlatforms) = preSolution
		Debug|Any CPU = Debug|Any CPU
		Release|Any CPU = Release|Any CPU
	EndGlobalSection
	GlobalSection(ProjectConfigurationPlatforms) = postSolution
		{8BB69503-90F1-4784-A68D-38F93C8A9357}.Debug|Any CPU.ActiveCfg = Debug|Any CPU
		{8BB69503-90F1-4784-A68D-38F93C8A9357}.Debug|Any CPU.Build.0 = Debug|Any CPU
		{8BB69503-90F1-4784-A68D-38F93C8A9357}.Release|Any CPU.ActiveCfg = Release|Any CPU
		{8BB69503-90F1-4784-A68D-38F93C8A9357}.Release|Any CPU.Build.0 = Release|Any CPU
	EndGlobalSection
	GlobalSection(SolutionProperties) = preSolution
		HideSolutionNode = FALSE
	EndGlobalSection
EndGlobal
